
Microsoft Visual Studio Solution File, Format Version 12.00
# Visual Studio Version 17
VisualStudioVersion = 17.3.32901.215
MinimumVisualStudioVersion = 10.0.40219.1
Project("{FAE04EC0-301F-11D3-BF4B-00C04F79EFBC}") = "lambda", "lambda\lambda.csproj", "{D31A40DD-A377-4477-9A65-66E77095B326}"
EndProject
Global
	GlobalSection(SolutionConfigurationPlatforms) = preSolution
		Debug|Any CPU = Debug|Any CPU
		Release|Any CPU = Release|Any CPU
	EndGlobalSection
	GlobalSection(ProjectConfigurationPlatforms) = postSolution
		{D31A40DD-A377-4477-9A65-66E77095B326}.Debug|Any CPU.ActiveCfg = Debug|Any CPU
		{D31A40DD-A377-4477-9A65-66E77095B326}.Debug|Any CPU.Build.0 = Debug|Any CPU
		{D31A40DD-A377-4477-9A65-66E77095B326}.Release|Any CPU.ActiveCfg = Release|Any CPU
		{D31A40DD-A377-4477-9A65-66E77095B326}.Release|Any CPU.Build.0 = Release|Any CPU
	EndGlobalSection
	GlobalSection(SolutionProperties) = preSolution
		HideSolutionNode = FALSE
	EndGlobalSection
	GlobalSection(ExtensibilityGlobals) = postSolution
		SolutionGuid = {96E9DB03-54C1-4802-B939-1BB8FF8BE79B}
	EndGlobalSection
EndGlobal
